%{
  "bunt": {:hex, :bunt, "0.2.0", "951c6e801e8b1d2cbe58ebbd3e616a869061ddadcc4863d0a2182541acae9a38", [:mix], [], "hexpm", "7af5c7e09fe1d40f76c8e4f9dd2be7cebd83909f31fee7cd0e9eadc567da8353"},
  "credo": {:hex, :credo, "1.4.0", "92339d4cbadd1e88b5ee43d427b639b68a11071b6f73854e33638e30a0ea11f5", [:mix], [{:bunt, "~> 0.2.0", [hex: :bunt, repo: "hexpm", optional: false]}, {:jason, "~> 1.0", [hex: :jason, repo: "hexpm", optional: false]}], "hexpm", "1fd3b70dce216574ce3c18bdf510b57e7c4c85c2ec9cad4bff854abaf7e58658"},
  "dialyxir": {:hex, :dialyxir, "1.0.0", "6a1fa629f7881a9f5aaf3a78f094b2a51a0357c843871b8bc98824e7342d00a5", [:mix], [{:erlex, ">= 0.2.6", [hex: :erlex, repo: "hexpm", optional: false]}], "hexpm", "aeb06588145fac14ca08d8061a142d52753dbc2cf7f0d00fc1013f53f8654654"},
  "earmark": {:hex, :earmark, "1.4.5", "62ffd3bd7722fb7a7b1ecd2419ea0b458c356e7168c1f5d65caf09b4fbdd13c8", [:mix], [], "hexpm", "b7d0e6263d83dc27141a523467799a685965bf8b13b6743413f19a7079843f4f"},
  "erlex": {:hex, :erlex, "0.2.6", "c7987d15e899c7a2f34f5420d2a2ea0d659682c06ac607572df55a43753aa12e", [:mix], [], "hexpm", "2ed2e25711feb44d52b17d2780eabf998452f6efda104877a3881c2f8c0c0c75"},
  "ex_doc": {:hex, :ex_doc, "0.22.1", "9bb6d51508778193a4ea90fa16eac47f8b67934f33f8271d5e1edec2dc0eee4c", [:mix], [{:earmark, "~> 1.4.0", [hex: :earmark, repo: "hexpm", optional: false]}, {:makeup_elixir, "~> 0.14", [hex: :makeup_elixir, repo: "hexpm", optional: false]}], "hexpm", "d957de1b75cb9f78d3ee17820733dc4460114d8b1e11f7ee4fd6546e69b1db60"},
  "fast_html": {:hex, :fast_html, "1.0.3", "2cc0d4b68496266a1530e0c852cafeaede0bd10cfdee26fda50dc696c203162f", [:make, :mix], [], "hexpm", "ab3d782b639d3c4655fbaec0f9d032c91f8cab8dd791ac7469c2381bc7c32f85"},
  "html5ever": {:git, "https://github.com/rusterlium/html5ever_elixir.git", "f6743865c353aaebaec1959ae4025596f8344587", []},
  "html_entities": {:hex, :html_entities, "0.5.1", "1c9715058b42c35a2ab65edc5b36d0ea66dd083767bef6e3edb57870ef556549", [:mix], [], "hexpm", "30efab070904eb897ff05cd52fa61c1025d7f8ef3a9ca250bc4e6513d16c32de"},
  "inch_ex": {:hex, :inch_ex, "2.0.0", "24268a9284a1751f2ceda569cd978e1fa394c977c45c331bb52a405de544f4de", [:mix], [{:bunt, "~> 0.2", [hex: :bunt, repo: "hexpm", optional: false]}, {:jason, "~> 1.0", [hex: :jason, repo: "hexpm", optional: false]}], "hexpm", "96d0ec5ecac8cf63142d02f16b7ab7152cf0f0f1a185a80161b758383c9399a8"},
  "jason": {:hex, :jason, "1.2.0", "10043418c42d2493d0ee212d3fddd25d7ffe484380afad769a0a38795938e448", [:mix], [{:decimal, "~> 1.0", [hex: :decimal, repo: "hexpm", optional: true]}], "hexpm", "116747dbe057794c3a3e4e143b7c8390b29f634e16c78a7f59ba75bfa6852e7f"},
  "makeup": {:hex, :makeup, "1.0.1", "82f332e461dc6c79dbd82fbe2a9c10d48ed07146f0a478286e590c83c52010b5", [], [{:nimble_parsec, "~> 0.5.0", [hex: :nimble_parsec, repo: "hexpm", optional: false]}], "hexpm", "49736fe5b66a08d8575bf5321d716bac5da20c8e6b97714fec2bcd6febcfa1f8"},
  "makeup_elixir": {:hex, :makeup_elixir, "0.14.0", "cf8b7c66ad1cff4c14679698d532f0b5d45a3968ffbcbfd590339cb57742f1ae", [:mix], [{:makeup, "~> 1.0", [hex: :makeup, repo: "hexpm", optional: false]}], "hexpm", "d4b316c7222a85bbaa2fd7c6e90e37e953257ad196dc229505137c5e505e9eff"},
  "nimble_parsec": {:hex, :nimble_parsec, "0.5.3", "def21c10a9ed70ce22754fdeea0810dafd53c2db3219a0cd54cf5526377af1c6", [:mix], [], "hexpm", "589b5af56f4afca65217a1f3eb3fee7e79b09c40c742fddc1c312b3ac0b3399f"},
  "rustler": {:hex, :rustler, "0.21.0", "68cc4fc015d0b9541865ea78e78e9ef2dd91ee4be80bf543fd15791102a45aca", [:mix], [{:toml, "~> 0.5.2", [hex: :toml, repo: "hexpm", optional: false]}], "hexpm", "e5429378c397f37f1091a35593b153aee1925e197c6842d04648d802edb52f80"},
  "toml": {:hex, :toml, "0.5.2", "e471388a8726d1ce51a6b32f864b8228a1eb8edc907a0edf2bb50eab9321b526", [:mix], [], "hexpm", "f1e3dabef71fb510d015fad18c0e05e7c57281001141504c6b69d94e99750a07"},
}
